
Microsoft Visual Studio Solution File, Format Version 12.00
# Visual Studio Version 16
VisualStudioVersion = 16.0.30523.141
MinimumVisualStudioVersion = 10.0.40219.1
Project("{FAE04EC0-301F-11D3-BF4B-00C04F79EFBC}") = "Laboratornaya2", "Laboratornaya2\Laboratornaya2.csproj", "{72BDCE9B-3BCC-4193-B195-5BDB8B319C22}"
EndProject
Global
	GlobalSection(SolutionConfigurationPlatforms) = preSolution
		Debug|Any CPU = Debug|Any CPU
		Release|Any CPU = Release|Any CPU
	EndGlobalSection
	GlobalSection(ProjectConfigurationPlatforms) = postSolution
		{72BDCE9B-3BCC-4193-B195-5BDB8B319C22}.Debug|Any CPU.ActiveCfg = Debug|Any CPU
		{72BDCE9B-3BCC-4193-B195-5BDB8B319C22}.Debug|Any CPU.Build.0 = Debug|Any CPU
		{72BDCE9B-3BCC-4193-B195-5BDB8B319C22}.Release|Any CPU.ActiveCfg = Release|Any CPU
		{72BDCE9B-3BCC-4193-B195-5BDB8B319C22}.Release|Any CPU.Build.0 = Release|Any CPU
	EndGlobalSection
	GlobalSection(SolutionProperties) = preSolution
		HideSolutionNode = FALSE
	EndGlobalSection
	GlobalSection(ExtensibilityGlobals) = postSolution
		SolutionGuid = {A5CD7308-1990-4D3B-841B-CFDA6880CBAC}
	EndGlobalSection
EndGlobal
